{
  "name": "@xhs/git-brach-integration",
  "version": "0.0.1",
  "lockfileVersion": 2,
  "requires": true,
  "packages": {
    "": {
      "name": "@xhs/git-brach-integration",
      "version": "0.0.1",
      "license": "ISC",
      "dependencies": {
        "colors": "^1.4.0",
        "commander": "^10.0.0",
        "simple-git": "^3.16.0"
      },
      "bin": {
        "xhs-integrate": "bin/index"
      }
    },
    "node_modules/@kwsites/file-exists": {
      "version": "1.1.1",
      "resolved": "http://npm.devops.xiaohongshu.com:7001/@kwsites/file-exists/download/@kwsites/file-exists-1.1.1.tgz",
      "integrity": "sha1-rR78rBPhmH2NuvI17zvlsNlvqpk=",
      "license": "MIT",
      "dependencies": {
        "debug": "^4.1.1"
      }
    },
    "node_modules/@kwsites/promise-deferred": {
      "version": "1.1.1",
      "resolved": "http://npm.devops.xiaohongshu.com:7001/@kwsites/promise-deferred/download/@kwsites/promise-deferred-1.1.1.tgz",
      "integrity": "sha1-is5SWSVEJszvV/MXW8ZO1wle2Rk=",
      "license": "MIT"
    },
    "node_modules/colors": {
      "version": "1.4.0",
      "resolved": "http://npm.devops.xiaohongshu.com:7001/colors/download/colors-1.4.0.tgz",
      "integrity": "sha1-xQSRR51MG9rtLJztMs98fcI2D3g=",
      "license": "MIT",
      "engines": {
        "node": ">=0.1.90"
      }
    },
    "node_modules/commander": {
      "version": "10.0.0",
      "resolved": "http://npm.devops.xiaohongshu.com:7001/commander/download/commander-10.0.0.tgz",
      "integrity": "sha1-cXl5cRYs089l8LnSTrKPjTA6zfE=",
      "license": "MIT",
      "engines": {
        "node": ">=14"
      }
    },
    "node_modules/debug": {
      "version": "4.3.4",
      "resolved": "http://npm.devops.xiaohongshu.com:7001/debug/download/debug-4.3.4.tgz",
      "integrity": "sha1-Exn2V5NX8jONMzfSzdSRS7XcyGU=",
      "license": "MIT",
      "dependencies": {
        "ms": "2.1.2"
      },
      "engines": {
        "node": ">=6.0"
      },
      "peerDependenciesMeta": {
        "supports-color": {
          "optional": true
        }
      }
    },
    "node_modules/ms": {
      "version": "2.1.2",
      "resolved": "http://npm.devops.xiaohongshu.com:7001/ms/download/ms-2.1.2.tgz",
      "integrity": "sha1-0J0fNXtEP0kzgqjrPM0YOHKuYAk=",
      "license": "MIT"
    },
    "node_modules/simple-git": {
      "version": "3.16.0",
      "resolved": "http://npm.devops.xiaohongshu.com:7001/simple-git/download/simple-git-3.16.0.tgz",
      "integrity": "sha1-Qhdz4kaA9XFpmcxKHWASe0tqnew=",
      "license": "MIT",
      "dependencies": {
        "@kwsites/file-exists": "^1.1.1",
        "@kwsites/promise-deferred": "^1.1.1",
        "debug": "^4.3.4"
      },
      "funding": {
        "type": "github",
        "url": "https://github.com/steveukx/git-js?sponsor=1"
      }
    }
  },
  "dependencies": {
    "@kwsites/file-exists": {
      "version": "1.1.1",
      "resolved": "http://npm.devops.xiaohongshu.com:7001/@kwsites/file-exists/download/@kwsites/file-exists-1.1.1.tgz",
      "integrity": "sha1-rR78rBPhmH2NuvI17zvlsNlvqpk=",
      "requires": {
        "debug": "^4.1.1"
      }
    },
    "@kwsites/promise-deferred": {
      "version": "1.1.1",
      "resolved": "http://npm.devops.xiaohongshu.com:7001/@kwsites/promise-deferred/download/@kwsites/promise-deferred-1.1.1.tgz",
      "integrity": "sha1-is5SWSVEJszvV/MXW8ZO1wle2Rk="
    },
    "colors": {
      "version": "1.4.0",
      "resolved": "http://npm.devops.xiaohongshu.com:7001/colors/download/colors-1.4.0.tgz",
      "integrity": "sha1-xQSRR51MG9rtLJztMs98fcI2D3g="
    },
    "commander": {
      "version": "10.0.0",
      "resolved": "http://npm.devops.xiaohongshu.com:7001/commander/download/commander-10.0.0.tgz",
      "integrity": "sha1-cXl5cRYs089l8LnSTrKPjTA6zfE="
    },
    "debug": {
      "version": "4.3.4",
      "resolved": "http://npm.devops.xiaohongshu.com:7001/debug/download/debug-4.3.4.tgz",
      "integrity": "sha1-Exn2V5NX8jONMzfSzdSRS7XcyGU=",
      "requires": {
        "ms": "2.1.2"
      }
    },
    "ms": {
      "version": "2.1.2",
      "resolved": "http://npm.devops.xiaohongshu.com:7001/ms/download/ms-2.1.2.tgz",
      "integrity": "sha1-0J0fNXtEP0kzgqjrPM0YOHKuYAk="
    },
    "simple-git": {
      "version": "3.16.0",
      "resolved": "http://npm.devops.xiaohongshu.com:7001/simple-git/download/simple-git-3.16.0.tgz",
      "integrity": "sha1-Qhdz4kaA9XFpmcxKHWASe0tqnew=",
      "requires": {
        "@kwsites/file-exists": "^1.1.1",
        "@kwsites/promise-deferred": "^1.1.1",
        "debug": "^4.3.4"
      }
    }
  }
}
